// !$*UTF8*$!
{
	archiveVersion = 1;
	classes = {
	};
	objectVersion = 77;
	objects = {

/* Begin PBXBuildFile section */
		02DC72A1C88D4017B6C0FCEF /* BoomBoomBoomKitTestSupport in Frameworks */ = {isa = PBXBuildFile; productRef = 4C958F5C01774258A1A8F08B /* BoomBoomBoomKitTestSupport */; };
		14EC9E1377584C1A95F84620 /* BoomBoomBoomKitML in Frameworks */ = {isa = PBXBuildFile; productRef = 491F0616FB7E4121955E263E /* BoomBoomBoomKitML */; };
		EE8EF10D20304884B83E3358 /* BoomBoomBoomKit in Frameworks */ = {isa = PBXBuildFile; productRef = CC80BDB8C44C4D6CB5BDDC39 /* BoomBoomBoomKit */; };
/* End PBXBuildFile section */

/* Begin PBXContainerItemProxy section */
		749E3F28B4AE4D10A71035AE /* PBXContainerItemProxy */ = {
			isa = PBXContainerItemProxy;
			containerPortal = 8303CC245BBF40BB807A9383 /* Project object */;
			proxyType = 1;
			remoteGlobalIDString = 2FB1B49AED6042639BAAD059;
			remoteInfo = BoomBoomBoomKitDemo;
		};
/* End PBXContainerItemProxy section */

/* Begin PBXFileReference section */
		0848465D51CB4967A32319B4 /* BoomBoomBoomKitDemo.app */ = {isa = PBXFileReference; explicitFileType = wrapper.application; includeInIndex = 0; path = BoomBoomBoomKitDemo.app; sourceTree = BUILT_PRODUCTS_DIR; };
		13BC4F9A2FC3865D0046D014 /* BoomBoomBoomKitDemo.xctestplan */ = {isa = PBXFileReference; lastKnownFileType = text; name = BoomBoomBoomKitDemo.xctestplan; path = BoomBoomBoomKitDemoTests/BoomBoomBoomKitDemo.xctestplan; sourceTree = "<group>"; };
		32EA47B840544CC3AF42CEF2 /* BoomBoomBoomKitDemoTests.xctest */ = {isa = PBXFileReference; explicitFileType = wrapper.cfbundle; includeInIndex = 0; path = BoomBoomBoomKitDemoTests.xctest; sourceTree = BUILT_PRODUCTS_DIR; };
/* End PBXFileReference section */

/* Begin PBXFileSystemSynchronizedBuildFileExceptionSet section */
		4F5B7E1A9C8D406DB2C39A48 /* Exceptions for "BoomBoomBoomKitDemo" folder in "BoomBoomBoomKitDemo" target */ = {
			isa = PBXFileSystemSynchronizedBuildFileExceptionSet;
			membershipExceptions = (
				Info.plist,
			);
			target = 2FB1B49AED6042639BAAD059 /* BoomBoomBoomKitDemo */;
		};
/* End PBXFileSystemSynchronizedBuildFileExceptionSet section */

/* Begin PBXFileSystemSynchronizedRootGroup section */
		18CD563CFA7747BC95911C77 /* BoomBoomBoomKitDemo */ = {
			isa = PBXFileSystemSynchronizedRootGroup;
			exceptions = (
				4F5B7E1A9C8D406DB2C39A48 /* Exceptions for "BoomBoomBoomKitDemo" folder in "BoomBoomBoomKitDemo" target */,
			);
			path = BoomBoomBoomKitDemo;
			sourceTree = "<group>";
		};
		9C94DB39762342978C5CD688 /* BoomBoomBoomKitDemoTests */ = {
			isa = PBXFileSystemSynchronizedRootGroup;
			path = BoomBoomBoomKitDemoTests;
			sourceTree = "<group>";
		};
/* End PBXFileSystemSynchronizedRootGroup section */

/* Begin PBXFrameworksBuildPhase section */
		DFDDD5475E5B4D42824AA632 /* Frameworks */ = {
			isa = PBXFrameworksBuildPhase;
			buildActionMask = 2147483647;
			files = (
				02DC72A1C88D4017B6C0FCEF /* BoomBoomBoomKitTestSupport in Frameworks */,
			);
			runOnlyForDeploymentPostprocessing = 0;
		};
		E80E2607EA4348A3BFBF822E /* Frameworks */ = {
			isa = PBXFrameworksBuildPhase;
			buildActionMask = 2147483647;
			files = (
				EE8EF10D20304884B83E3358 /* BoomBoomBoomKit in Frameworks */,
				14EC9E1377584C1A95F84620 /* BoomBoomBoomKitML in Frameworks */,
			);
			runOnlyForDeploymentPostprocessing = 0;
		};
/* End PBXFrameworksBuildPhase section */

/* Begin PBXGroup section */
		340BE5955A1740E99214065C /* Frameworks */ = {
			isa = PBXGroup;
			children = (
			);
			name = Frameworks;
			sourceTree = "<group>";
		};
		5BA7EA2EF94B47D78F93A0DD /* Products */ = {
			isa = PBXGroup;
			children = (
				0848465D51CB4967A32319B4 /* BoomBoomBoomKitDemo.app */,
				32EA47B840544CC3AF42CEF2 /* BoomBoomBoomKitDemoTests.xctest */,
			);
			name = Products;
			sourceTree = "<group>";
		};
		EF5CE63619DA4C44BBCB330B = {
			isa = PBXGroup;
			children = (
				13BC4F9A2FC3865D0046D014 /* BoomBoomBoomKitDemo.xctestplan */,
				18CD563CFA7747BC95911C77 /* BoomBoomBoomKitDemo */,
				9C94DB39762342978C5CD688 /* BoomBoomBoomKitDemoTests */,
				340BE5955A1740E99214065C /* Frameworks */,
				5BA7EA2EF94B47D78F93A0DD /* Products */,
			);
			sourceTree = "<group>";
		};
/* End PBXGroup section */

/* Begin PBXNativeTarget section */
		2FB1B49AED6042639BAAD059 /* BoomBoomBoomKitDemo */ = {
			isa = PBXNativeTarget;
			buildConfigurationList = 6D48E084E5C84570BF5D2363 /* Build configuration list for PBXNativeTarget "BoomBoomBoomKitDemo" */;
			buildPhases = (
				352ADAB05CB84CC08D5DF89B /* Sources */,
				E80E2607EA4348A3BFBF822E /* Frameworks */,
				3DD04C150DFF42D8BEFD8182 /* Resources */,
			);
			buildRules = (
			);
			dependencies = (
			);
			fileSystemSynchronizedGroups = (
				18CD563CFA7747BC95911C77 /* BoomBoomBoomKitDemo */,
			);
			name = BoomBoomBoomKitDemo;
			packageProductDependencies = (
				CC80BDB8C44C4D6CB5BDDC39 /* BoomBoomBoomKit */,
				491F0616FB7E4121955E263E /* BoomBoomBoomKitML */,
			);
			productName = BoomBoomBoomKitDemo;
			productReference = 0848465D51CB4967A32319B4 /* BoomBoomBoomKitDemo.app */;
			productType = "com.apple.product-type.application";
		};
		ED2B4E6380294593B2271D63 /* BoomBoomBoomKitDemoTests */ = {
			isa = PBXNativeTarget;
			buildConfigurationList = 07AC87D1A96549109DE96360 /* Build configuration list for PBXNativeTarget "BoomBoomBoomKitDemoTests" */;
			buildPhases = (
				28EA06376F1F4A17BF72E52E /* Sources */,
				DFDDD5475E5B4D42824AA632 /* Frameworks */,
				E3FC6C3761BB41E4A9AD4959 /* Resources */,
			);
			buildRules = (
			);
			dependencies = (
				1D3AD10F5FAD4E5FB21C161F /* PBXTargetDependency */,
			);
			fileSystemSynchronizedGroups = (
				9C94DB39762342978C5CD688 /* BoomBoomBoomKitDemoTests */,
			);
			name = BoomBoomBoomKitDemoTests;
			packageProductDependencies = (
				4C958F5C01774258A1A8F08B /* BoomBoomBoomKitTestSupport */,
			);
			productName = BoomBoomBoomKitDemoTests;
			productReference = 32EA47B840544CC3AF42CEF2 /* BoomBoomBoomKitDemoTests.xctest */;
			productType = "com.apple.product-type.bundle.unit-test";
		};
/* End PBXNativeTarget section */

/* Begin PBXProject section */
		8303CC245BBF40BB807A9383 /* Project object */ = {
			isa = PBXProject;
			attributes = {
				BuildIndependentTargetsInParallel = 1;
				LastSwiftUpdateCheck = 2630;
				LastUpgradeCheck = 2650;
				TargetAttributes = {
					2FB1B49AED6042639BAAD059 = {
						CreatedOnToolsVersion = 26.3;
					};
					ED2B4E6380294593B2271D63 = {
						CreatedOnToolsVersion = 26.3;
						TestTargetID = 2FB1B49AED6042639BAAD059;
					};
				};
			};
			buildConfigurationList = FD04CACBAECF4547960DAA33 /* Build configuration list for PBXProject "BoomBoomBoomKitDemo" */;
			developmentRegion = en;
			hasScannedForEncodings = 0;
			knownRegions = (
				en,
				Base,
			);
			mainGroup = EF5CE63619DA4C44BBCB330B;
			minimizedProjectReferenceProxies = 1;
			packageReferences = (
				3A8CAA80BA4C480ABB3B4B8E /* XCLocalSwiftPackageReference "../../" */,
			);
			preferredProjectObjectVersion = 77;
			productRefGroup = 5BA7EA2EF94B47D78F93A0DD /* Products */;
			projectDirPath = "";
			projectRoot = "";
			targets = (
				2FB1B49AED6042639BAAD059 /* BoomBoomBoomKitDemo */,
				ED2B4E6380294593B2271D63 /* BoomBoomBoomKitDemoTests */,
			);
		};
/* End PBXProject section */

/* Begin PBXResourcesBuildPhase section */
		3DD04C150DFF42D8BEFD8182 /* Resources */ = {
			isa = PBXResourcesBuildPhase;
			buildActionMask = 2147483647;
			files = (
			);
			runOnlyForDeploymentPostprocessing = 0;
		};
		E3FC6C3761BB41E4A9AD4959 /* Resources */ = {
			isa = PBXResourcesBuildPhase;
			buildActionMask = 2147483647;
			files = (
			);
			runOnlyForDeploymentPostprocessing = 0;
		};
/* End PBXResourcesBuildPhase section */

/* Begin PBXSourcesBuildPhase section */
		28EA06376F1F4A17BF72E52E /* Sources */ = {
			isa = PBXSourcesBuildPhase;
			buildActionMask = 2147483647;
			files = (
			);
			runOnlyForDeploymentPostprocessing = 0;
		};
		352ADAB05CB84CC08D5DF89B /* Sources */ = {
			isa = PBXSourcesBuildPhase;
			buildActionMask = 2147483647;
			files = (
			);
			runOnlyForDeploymentPostprocessing = 0;
		};
/* End PBXSourcesBuildPhase section */

/* Begin PBXTargetDependency section */
		1D3AD10F5FAD4E5FB21C161F /* PBXTargetDependency */ = {
			isa = PBXTargetDependency;
			target = 2FB1B49AED6042639BAAD059 /* BoomBoomBoomKitDemo */;
			targetProxy = 749E3F28B4AE4D10A71035AE /* PBXContainerItemProxy */;
		};
/* End PBXTargetDependency section */

/* Begin XCBuildConfiguration section */
		29D297383340440E91719FDF /* Release */ = {
			isa = XCBuildConfiguration;
			buildSettings = {
				BUNDLE_LOADER = "$(TEST_HOST)";
				CODE_SIGN_STYLE = Automatic;
				CURRENT_PROJECT_VERSION = 1;
				DEAD_CODE_STRIPPING = YES;
				DEVELOPMENT_TEAM = "";
				GENERATE_INFOPLIST_FILE = YES;
				MACOSX_DEPLOYMENT_TARGET = 15.6;
				MARKETING_VERSION = 0.1;
				PRODUCT_BUNDLE_IDENTIFIER = com.robbyt.BoomBoomBoomKitDemoTests;
				PRODUCT_NAME = "$(TARGET_NAME)";
				STRING_CATALOG_GENERATE_SYMBOLS = NO;
				SWIFT_APPROACHABLE_CONCURRENCY = YES;
				SWIFT_EMIT_LOC_STRINGS = NO;
				SWIFT_UPCOMING_FEATURE_MEMBER_IMPORT_VISIBILITY = YES;
				SWIFT_VERSION = 6.0;
				TEST_HOST = "$(BUILT_PRODUCTS_DIR)/BoomBoomBoomKitDemo.app/$(BUNDLE_EXECUTABLE_FOLDER_PATH)/BoomBoomBoomKitDemo";
			};
			name = Release;
		};
		62E86B64D2DF4759B5CF5F73 /* Release */ = {
			isa = XCBuildConfiguration;
			buildSettings = {
				ALWAYS_SEARCH_USER_PATHS = NO;
				ASSETCATALOG_COMPILER_GENERATE_SWIFT_ASSET_SYMBOL_EXTENSIONS = YES;
				CLANG_ANALYZER_NONNULL = YES;
				CLANG_ANALYZER_NUMBER_OBJECT_CONVERSION = YES_AGGRESSIVE;
				CLANG_CXX_LANGUAGE_STANDARD = "gnu++20";
				CLANG_ENABLE_MODULES = YES;
				CLANG_ENABLE_OBJC_ARC = YES;
				CLANG_ENABLE_OBJC_WEAK = YES;
				CLANG_WARN_BLOCK_CAPTURE_AUTORELEASING = YES;
				CLANG_WARN_BOOL_CONVERSION = YES;
				CLANG_WARN_COMMA = YES;
				CLANG_WARN_CONSTANT_CONVERSION = YES;
				CLANG_WARN_DEPRECATED_OBJC_IMPLEMENTATIONS = YES;
				CLANG_WARN_DIRECT_OBJC_ISA_USAGE = YES_ERROR;
				CLANG_WARN_DOCUMENTATION_COMMENTS = YES;
				CLANG_WARN_EMPTY_BODY = YES;
				CLANG_WARN_ENUM_CONVERSION = YES;
				CLANG_WARN_INFINITE_RECURSION = YES;
				CLANG_WARN_INT_CONVERSION = YES;
				CLANG_WARN_NON_LITERAL_NULL_CONVERSION = YES;
				CLANG_WARN_OBJC_IMPLICIT_RETAIN_SELF = YES;
				CLANG_WARN_OBJC_LITERAL_CONVERSION = YES;
				CLANG_WARN_OBJC_ROOT_CLASS = YES_ERROR;
				CLANG_WARN_QUOTED_INCLUDE_IN_FRAMEWORK_HEADER = YES;
				CLANG_WARN_RANGE_LOOP_ANALYSIS = YES;
				CLANG_WARN_STRICT_PROTOTYPES = YES;
				CLANG_WARN_SUSPICIOUS_MOVE = YES;
				CLANG_WARN_UNGUARDED_AVAILABILITY = YES_AGGRESSIVE;
				CLANG_WARN_UNREACHABLE_CODE = YES;
				CLANG_WARN__DUPLICATE_METHOD_MATCH = YES;
				COPY_PHASE_STRIP = NO;
				DEAD_CODE_STRIPPING = YES;
				DEBUG_INFORMATION_FORMAT = "dwarf-with-dsym";
				DEVELOPMENT_TEAM = "";
				ENABLE_NS_ASSERTIONS = NO;
				ENABLE_STRICT_OBJC_MSGSEND = YES;
				ENABLE_USER_SCRIPT_SANDBOXING = YES;
				GCC_C_LANGUAGE_STANDARD = gnu17;
				GCC_NO_COMMON_BLOCKS = YES;
				GCC_WARN_64_TO_32_BIT_CONVERSION = YES;
				GCC_WARN_ABOUT_RETURN_TYPE = YES_ERROR;
				GCC_WARN_UNDECLARED_SELECTOR = YES;
				GCC_WARN_UNINITIALIZED_AUTOS = YES_AGGRESSIVE;
				GCC_WARN_UNUSED_FUNCTION = YES;
				GCC_WARN_UNUSED_VARIABLE = YES;
				LOCALIZATION_PREFERS_STRING_CATALOGS = YES;
				MACOSX_DEPLOYMENT_TARGET = 15.6;
				MTL_ENABLE_DEBUG_INFO = NO;
				MTL_FAST_MATH = YES;
				SDKROOT = macosx;
				STRING_CATALOG_GENERATE_SYMBOLS = YES;
				SWIFT_COMPILATION_MODE = wholemodule;
			};
			name = Release;
		};
		67CF34E911C649A185BC2A32 /* Debug */ = {
			isa = XCBuildConfiguration;
			buildSettings = {
				ALWAYS_SEARCH_USER_PATHS = NO;
				ASSETCATALOG_COMPILER_GENERATE_SWIFT_ASSET_SYMBOL_EXTENSIONS = YES;
				CLANG_ANALYZER_NONNULL = YES;
				CLANG_ANALYZER_NUMBER_OBJECT_CONVERSION = YES_AGGRESSIVE;
				CLANG_CXX_LANGUAGE_STANDARD = "gnu++20";
				CLANG_ENABLE_MODULES = YES;
				CLANG_ENABLE_OBJC_ARC = YES;
				CLANG_ENABLE_OBJC_WEAK = YES;
				CLANG_WARN_BLOCK_CAPTURE_AUTORELEASING = YES;
				CLANG_WARN_BOOL_CONVERSION = YES;
				CLANG_WARN_COMMA = YES;
				CLANG_WARN_CONSTANT_CONVERSION = YES;
				CLANG_WARN_DEPRECATED_OBJC_IMPLEMENTATIONS = YES;
				CLANG_WARN_DIRECT_OBJC_ISA_USAGE = YES_ERROR;
				CLANG_WARN_DOCUMENTATION_COMMENTS = YES;
				CLANG_WARN_EMPTY_BODY = YES;
				CLANG_WARN_ENUM_CONVERSION = YES;
				CLANG_WARN_INFINITE_RECURSION = YES;
				CLANG_WARN_INT_CONVERSION = YES;
				CLANG_WARN_NON_LITERAL_NULL_CONVERSION = YES;
				CLANG_WARN_OBJC_IMPLICIT_RETAIN_SELF = YES;
				CLANG_WARN_OBJC_LITERAL_CONVERSION = YES;
				CLANG_WARN_OBJC_ROOT_CLASS = YES_ERROR;
				CLANG_WARN_QUOTED_INCLUDE_IN_FRAMEWORK_HEADER = YES;
				CLANG_WARN_RANGE_LOOP_ANALYSIS = YES;
				CLANG_WARN_STRICT_PROTOTYPES = YES;
				CLANG_WARN_SUSPICIOUS_MOVE = YES;
				CLANG_WARN_UNGUARDED_AVAILABILITY = YES_AGGRESSIVE;
				CLANG_WARN_UNREACHABLE_CODE = YES;
				CLANG_WARN__DUPLICATE_METHOD_MATCH = YES;
				COPY_PHASE_STRIP = NO;
				DEAD_CODE_STRIPPING = YES;
				DEBUG_INFORMATION_FORMAT = dwarf;
				DEVELOPMENT_TEAM = "";
				ENABLE_STRICT_OBJC_MSGSEND = YES;
				ENABLE_TESTABILITY = YES;
				ENABLE_USER_SCRIPT_SANDBOXING = YES;
				GCC_C_LANGUAGE_STANDARD = gnu17;
				GCC_DYNAMIC_NO_PIC = NO;
				GCC_NO_COMMON_BLOCKS = YES;
				GCC_OPTIMIZATION_LEVEL = 0;
				GCC_PREPROCESSOR_DEFINITIONS = (
					"DEBUG=1",
					"$(inherited)",
				);
				GCC_WARN_64_TO_32_BIT_CONVERSION = YES;
				GCC_WARN_ABOUT_RETURN_TYPE = YES_ERROR;
				GCC_WARN_UNDECLARED_SELECTOR = YES;
				GCC_WARN_UNINITIALIZED_AUTOS = YES_AGGRESSIVE;
				GCC_WARN_UNUSED_FUNCTION = YES;
				GCC_WARN_UNUSED_VARIABLE = YES;
				LOCALIZATION_PREFERS_STRING_CATALOGS = YES;
				MACOSX_DEPLOYMENT_TARGET = 15.6;
				MTL_ENABLE_DEBUG_INFO = INCLUDE_SOURCE;
				MTL_FAST_MATH = YES;
				ONLY_ACTIVE_ARCH = YES;
				SDKROOT = macosx;
				STRING_CATALOG_GENERATE_SYMBOLS = YES;
				SWIFT_ACTIVE_COMPILATION_CONDITIONS = "DEBUG $(inherited)";
				SWIFT_OPTIMIZATION_LEVEL = "-Onone";
			};
			name = Debug;
		};
		91CC0E3CC2CC4B0784DB2802 /* Debug */ = {
			isa = XCBuildConfiguration;
			buildSettings = {
				ASSETCATALOG_COMPILER_APPICON_NAME = AppIcon;
				ASSETCATALOG_COMPILER_GLOBAL_ACCENT_COLOR_NAME = AccentColor;
				CODE_SIGN_ENTITLEMENTS = BoomBoomBoomKitDemo/BoomBoomBoomKitDemo.entitlements;
				CODE_SIGN_STYLE = Automatic;
				COMBINE_HIDPI_IMAGES = YES;
				CURRENT_PROJECT_VERSION = 1;
				DEAD_CODE_STRIPPING = YES;
				DEVELOPMENT_TEAM = "";
				ENABLE_APP_SANDBOX = YES;
				ENABLE_HARDENED_RUNTIME = YES;
				ENABLE_PREVIEWS = YES;
				ENABLE_TESTABILITY = YES;
				ENABLE_USER_SELECTED_FILES = readwrite;
				GENERATE_INFOPLIST_FILE = NO;
				INFOPLIST_FILE = BoomBoomBoomKitDemo/Info.plist;
				LD_RUNPATH_SEARCH_PATHS = (
					"$(inherited)",
					"@executable_path/../Frameworks",
				);
				MACOSX_DEPLOYMENT_TARGET = 15.6;
				MARKETING_VERSION = 0.1;
				PRODUCT_BUNDLE_IDENTIFIER = com.robbyt.BoomBoomBoomKitDemo;
				PRODUCT_NAME = "$(TARGET_NAME)";
				STRING_CATALOG_GENERATE_SYMBOLS = YES;
				SWIFT_APPROACHABLE_CONCURRENCY = YES;
				SWIFT_DEFAULT_ACTOR_ISOLATION = MainActor;
				SWIFT_EMIT_LOC_STRINGS = YES;
				SWIFT_UPCOMING_FEATURE_MEMBER_IMPORT_VISIBILITY = YES;
				SWIFT_VERSION = 6.0;
			};
			name = Debug;
		};
		CF89131AE7EA478D86BF226B /* Release */ = {
			isa = XCBuildConfiguration;
			buildSettings = {
				ASSETCATALOG_COMPILER_APPICON_NAME = AppIcon;
				ASSETCATALOG_COMPILER_GLOBAL_ACCENT_COLOR_NAME = AccentColor;
				CODE_SIGN_ENTITLEMENTS = BoomBoomBoomKitDemo/BoomBoomBoomKitDemo.entitlements;
				CODE_SIGN_STYLE = Automatic;
				COMBINE_HIDPI_IMAGES = YES;
				CURRENT_PROJECT_VERSION = 1;
				DEAD_CODE_STRIPPING = YES;
				DEVELOPMENT_TEAM = "";
				ENABLE_APP_SANDBOX = YES;
				ENABLE_HARDENED_RUNTIME = YES;
				ENABLE_PREVIEWS = YES;
				ENABLE_USER_SELECTED_FILES = readwrite;
				GENERATE_INFOPLIST_FILE = NO;
				INFOPLIST_FILE = BoomBoomBoomKitDemo/Info.plist;
				LD_RUNPATH_SEARCH_PATHS = (
					"$(inherited)",
					"@executable_path/../Frameworks",
				);
				MACOSX_DEPLOYMENT_TARGET = 15.6;
				MARKETING_VERSION = 0.1;
				PRODUCT_BUNDLE_IDENTIFIER = com.robbyt.BoomBoomBoomKitDemo;
				PRODUCT_NAME = "$(TARGET_NAME)";
				STRING_CATALOG_GENERATE_SYMBOLS = YES;
				SWIFT_APPROACHABLE_CONCURRENCY = YES;
				SWIFT_DEFAULT_ACTOR_ISOLATION = MainActor;
				SWIFT_EMIT_LOC_STRINGS = YES;
				SWIFT_UPCOMING_FEATURE_MEMBER_IMPORT_VISIBILITY = YES;
				SWIFT_VERSION = 6.0;
			};
			name = Release;
		};
		E994CE69C7DF4164B576E48F /* Debug */ = {
			isa = XCBuildConfiguration;
			buildSettings = {
				BUNDLE_LOADER = "$(TEST_HOST)";
				CODE_SIGN_STYLE = Automatic;
				CURRENT_PROJECT_VERSION = 1;
				DEAD_CODE_STRIPPING = YES;
				DEVELOPMENT_TEAM = "";
				GENERATE_INFOPLIST_FILE = YES;
				MACOSX_DEPLOYMENT_TARGET = 15.6;
				MARKETING_VERSION = 0.1;
				PRODUCT_BUNDLE_IDENTIFIER = com.robbyt.BoomBoomBoomKitDemoTests;
				PRODUCT_NAME = "$(TARGET_NAME)";
				STRING_CATALOG_GENERATE_SYMBOLS = NO;
				SWIFT_APPROACHABLE_CONCURRENCY = YES;
				SWIFT_EMIT_LOC_STRINGS = NO;
				SWIFT_UPCOMING_FEATURE_MEMBER_IMPORT_VISIBILITY = YES;
				SWIFT_VERSION = 6.0;
				TEST_HOST = "$(BUILT_PRODUCTS_DIR)/BoomBoomBoomKitDemo.app/$(BUNDLE_EXECUTABLE_FOLDER_PATH)/BoomBoomBoomKitDemo";
			};
			name = Debug;
		};
/* End XCBuildConfiguration section */

/* Begin XCConfigurationList section */
		07AC87D1A96549109DE96360 /* Build configuration list for PBXNativeTarget "BoomBoomBoomKitDemoTests" */ = {
			isa = XCConfigurationList;
			buildConfigurations = (
				E994CE69C7DF4164B576E48F /* Debug */,
				29D297383340440E91719FDF /* Release */,
			);
			defaultConfigurationIsVisible = 0;
			defaultConfigurationName = Release;
		};
		6D48E084E5C84570BF5D2363 /* Build configuration list for PBXNativeTarget "BoomBoomBoomKitDemo" */ = {
			isa = XCConfigurationList;
			buildConfigurations = (
				91CC0E3CC2CC4B0784DB2802 /* Debug */,
				CF89131AE7EA478D86BF226B /* Release */,
			);
			defaultConfigurationIsVisible = 0;
			defaultConfigurationName = Release;
		};
		FD04CACBAECF4547960DAA33 /* Build configuration list for PBXProject "BoomBoomBoomKitDemo" */ = {
			isa = XCConfigurationList;
			buildConfigurations = (
				67CF34E911C649A185BC2A32 /* Debug */,
				62E86B64D2DF4759B5CF5F73 /* Release */,
			);
			defaultConfigurationIsVisible = 0;
			defaultConfigurationName = Release;
		};
/* End XCConfigurationList section */

/* Begin XCLocalSwiftPackageReference section */
		3A8CAA80BA4C480ABB3B4B8E /* XCLocalSwiftPackageReference "../../" */ = {
			isa = XCLocalSwiftPackageReference;
			relativePath = ../../;
		};
/* End XCLocalSwiftPackageReference section */

/* Begin XCSwiftPackageProductDependency section */
		491F0616FB7E4121955E263E /* BoomBoomBoomKitML */ = {
			isa = XCSwiftPackageProductDependency;
			package = 3A8CAA80BA4C480ABB3B4B8E /* XCLocalSwiftPackageReference "../../" */;
			productName = BoomBoomBoomKitML;
		};
		4C958F5C01774258A1A8F08B /* BoomBoomBoomKitTestSupport */ = {
			isa = XCSwiftPackageProductDependency;
			package = 3A8CAA80BA4C480ABB3B4B8E /* XCLocalSwiftPackageReference "../../" */;
			productName = BoomBoomBoomKitTestSupport;
		};
		CC80BDB8C44C4D6CB5BDDC39 /* BoomBoomBoomKit */ = {
			isa = XCSwiftPackageProductDependency;
			package = 3A8CAA80BA4C480ABB3B4B8E /* XCLocalSwiftPackageReference "../../" */;
			productName = BoomBoomBoomKit;
		};
/* End XCSwiftPackageProductDependency section */
	};
	rootObject = 8303CC245BBF40BB807A9383 /* Project object */;
}
